
Microsoft Visual Studio Solution File, Format Version 12.00
# Visual Studio Version 16
VisualStudioVersion = 16.0.31005.135
MinimumVisualStudioVersion = 10.0.40219.1
Project("{FAE04EC0-301F-11D3-BF4B-00C04F79EFBC}") = "EfDemo.ConsoleApp", "EfDemo\EfDemo.ConsoleApp.csproj", "{C320BAB9-0BE7-4873-870F-5EC2C6D99094}"
EndProject
Project("{FAE04EC0-301F-11D3-BF4B-00C04F79EFBC}") = "EfDemo.DAL", "EfDemo.DAL\EfDemo.DAL.csproj", "{E3322FDC-7C12-4A70-A3BC-CB90969FAFFB}"
EndProject
Global
	GlobalSection(SolutionConfigurationPlatforms) = preSolution
		Debug|Any CPU = Debug|Any CPU
		Release|Any CPU = Release|Any CPU
	EndGlobalSection
	GlobalSection(ProjectConfigurationPlatforms) = postSolution
		{C320BAB9-0BE7-4873-870F-5EC2C6D99094}.Debug|Any CPU.ActiveCfg = Debug|Any CPU
		{C320BAB9-0BE7-4873-870F-5EC2C6D99094}.Debug|Any CPU.Build.0 = Debug|Any CPU
		{C320BAB9-0BE7-4873-870F-5EC2C6D99094}.Release|Any CPU.ActiveCfg = Release|Any CPU
		{C320BAB9-0BE7-4873-870F-5EC2C6D99094}.Release|Any CPU.Build.0 = Release|Any CPU
		{E3322FDC-7C12-4A70-A3BC-CB90969FAFFB}.Debug|Any CPU.ActiveCfg = Debug|Any CPU
		{E3322FDC-7C12-4A70-A3BC-CB90969FAFFB}.Debug|Any CPU.Build.0 = Debug|Any CPU
		{E3322FDC-7C12-4A70-A3BC-CB90969FAFFB}.Release|Any CPU.ActiveCfg = Release|Any CPU
		{E3322FDC-7C12-4A70-A3BC-CB90969FAFFB}.Release|Any CPU.Build.0 = Release|Any CPU
	EndGlobalSection
	GlobalSection(SolutionProperties) = preSolution
		HideSolutionNode = FALSE
	EndGlobalSection
	GlobalSection(ExtensibilityGlobals) = postSolution
		SolutionGuid = {42DB6116-BEF0-4962-B1CA-7907C38992F0}
	EndGlobalSection
EndGlobal
